// !$*UTF8*$!
{
	archiveVersion = 1;
	classes = {
	};
	objectVersion = 60;
	objects = {

/* Begin PBXBuildFile section */
		A1000001 /* MuxyMobileApp.swift in Sources */ = {isa = PBXBuildFile; fileRef = A2000001 /* MuxyMobileApp.swift */; };
		A1000002 /* ContentView.swift in Sources */ = {isa = PBXBuildFile; fileRef = A2000002 /* ContentView.swift */; };
		A1000003 /* ConnectView.swift in Sources */ = {isa = PBXBuildFile; fileRef = A2000003 /* ConnectView.swift */; };
		A1000004 /* RemoteWorkspaceView.swift in Sources */ = {isa = PBXBuildFile; fileRef = A2000004 /* RemoteWorkspaceView.swift */; };
		A1000005 /* ConnectionManager.swift in Sources */ = {isa = PBXBuildFile; fileRef = A2000005 /* ConnectionManager.swift */; };
		A1000006 /* ProjectPickerView.swift in Sources */ = {isa = PBXBuildFile; fileRef = A2000007 /* ProjectPickerView.swift */; };
		A1000007 /* SettingsSheet.swift in Sources */ = {isa = PBXBuildFile; fileRef = A2000008 /* SettingsSheet.swift */; };
		A1000008 /* TerminalView.swift in Sources */ = {isa = PBXBuildFile; fileRef = A2000009 /* TerminalView.swift */; };
		A1000009 /* DeviceCredentialsStore.swift in Sources */ = {isa = PBXBuildFile; fileRef = A200000E /* DeviceCredentialsStore.swift */; };
		A100000A /* VCSView.swift in Sources */ = {isa = PBXBuildFile; fileRef = A200000F /* VCSView.swift */; };
		A100000B /* ConnectionManager+VCS.swift in Sources */ = {isa = PBXBuildFile; fileRef = A2000010 /* ConnectionManager+VCS.swift */; };
		A100000C /* BranchesSheet.swift in Sources */ = {isa = PBXBuildFile; fileRef = A2000011 /* BranchesSheet.swift */; };
		A100000D /* WorktreesSheet.swift in Sources */ = {isa = PBXBuildFile; fileRef = A2000012 /* WorktreesSheet.swift */; };
		A100000E /* CreatePRSheet.swift in Sources */ = {isa = PBXBuildFile; fileRef = A2000013 /* CreatePRSheet.swift */; };
		A100000F /* DemoBackend.swift in Sources */ = {isa = PBXBuildFile; fileRef = A2000014 /* DemoBackend.swift */; };
		A1000010 /* MuxyShared in Frameworks */ = {isa = PBXBuildFile; productRef = A4000001 /* MuxyShared */; };
		A1000011 /* SwiftTerm in Frameworks */ = {isa = PBXBuildFile; productRef = A4000002 /* SwiftTerm */; };
		A1000020 /* JetBrainsMonoNerdFontMono-Regular.ttf in Resources */ = {isa = PBXBuildFile; fileRef = A200000A /* JetBrainsMonoNerdFontMono-Regular.ttf */; };
		A1000021 /* JetBrainsMonoNerdFontMono-Bold.ttf in Resources */ = {isa = PBXBuildFile; fileRef = A200000B /* JetBrainsMonoNerdFontMono-Bold.ttf */; };
		A1000022 /* Assets.xcassets in Resources */ = {isa = PBXBuildFile; fileRef = A200000C /* Assets.xcassets */; };
		A1000023 /* PrivacyInfo.xcprivacy in Resources */ = {isa = PBXBuildFile; fileRef = A200000D /* PrivacyInfo.xcprivacy */; };
/* End PBXBuildFile section */

/* Begin PBXFileReference section */
		A2000001 /* MuxyMobileApp.swift */ = {isa = PBXFileReference; lastKnownFileType = sourcecode.swift; path = MuxyMobileApp.swift; sourceTree = "<group>"; };
		A2000002 /* ContentView.swift */ = {isa = PBXFileReference; lastKnownFileType = sourcecode.swift; path = ContentView.swift; sourceTree = "<group>"; };
		A2000003 /* ConnectView.swift */ = {isa = PBXFileReference; lastKnownFileType = sourcecode.swift; path = ConnectView.swift; sourceTree = "<group>"; };
		A2000004 /* RemoteWorkspaceView.swift */ = {isa = PBXFileReference; lastKnownFileType = sourcecode.swift; path = RemoteWorkspaceView.swift; sourceTree = "<group>"; };
		A2000005 /* ConnectionManager.swift */ = {isa = PBXFileReference; lastKnownFileType = sourcecode.swift; path = ConnectionManager.swift; sourceTree = "<group>"; };
		A2000006 /* Info.plist */ = {isa = PBXFileReference; lastKnownFileType = text.plist.xml; path = Info.plist; sourceTree = "<group>"; };
		A2000007 /* ProjectPickerView.swift */ = {isa = PBXFileReference; lastKnownFileType = sourcecode.swift; path = ProjectPickerView.swift; sourceTree = "<group>"; };
		A2000008 /* SettingsSheet.swift */ = {isa = PBXFileReference; lastKnownFileType = sourcecode.swift; path = SettingsSheet.swift; sourceTree = "<group>"; };
		A2000009 /* TerminalView.swift */ = {isa = PBXFileReference; lastKnownFileType = sourcecode.swift; path = TerminalView.swift; sourceTree = "<group>"; };
		A200000E /* DeviceCredentialsStore.swift */ = {isa = PBXFileReference; lastKnownFileType = sourcecode.swift; path = DeviceCredentialsStore.swift; sourceTree = "<group>"; };
		A200000F /* VCSView.swift */ = {isa = PBXFileReference; lastKnownFileType = sourcecode.swift; path = VCSView.swift; sourceTree = "<group>"; };
		A2000010 /* ConnectionManager+VCS.swift */ = {isa = PBXFileReference; lastKnownFileType = sourcecode.swift; path = "ConnectionManager+VCS.swift"; sourceTree = "<group>"; };
		A2000011 /* BranchesSheet.swift */ = {isa = PBXFileReference; lastKnownFileType = sourcecode.swift; path = BranchesSheet.swift; sourceTree = "<group>"; };
		A2000012 /* WorktreesSheet.swift */ = {isa = PBXFileReference; lastKnownFileType = sourcecode.swift; path = WorktreesSheet.swift; sourceTree = "<group>"; };
		A2000013 /* CreatePRSheet.swift */ = {isa = PBXFileReference; lastKnownFileType = sourcecode.swift; path = CreatePRSheet.swift; sourceTree = "<group>"; };
		A2000014 /* DemoBackend.swift */ = {isa = PBXFileReference; lastKnownFileType = sourcecode.swift; path = DemoBackend.swift; sourceTree = "<group>"; };
		A200000A /* JetBrainsMonoNerdFontMono-Regular.ttf */ = {isa = PBXFileReference; lastKnownFileType = file; path = "JetBrainsMonoNerdFontMono-Regular.ttf"; sourceTree = "<group>"; };
		A200000B /* JetBrainsMonoNerdFontMono-Bold.ttf */ = {isa = PBXFileReference; lastKnownFileType = file; path = "JetBrainsMonoNerdFontMono-Bold.ttf"; sourceTree = "<group>"; };
		A200000C /* Assets.xcassets */ = {isa = PBXFileReference; lastKnownFileType = folder.assetcatalog; path = Assets.xcassets; sourceTree = "<group>"; };
		A200000D /* PrivacyInfo.xcprivacy */ = {isa = PBXFileReference; lastKnownFileType = text.xml; path = PrivacyInfo.xcprivacy; sourceTree = "<group>"; };
		A2000020 /* MuxyMobile.app */ = {isa = PBXFileReference; explicitFileType = wrapper.application; includeInIndex = 0; path = MuxyMobile.app; sourceTree = BUILT_PRODUCTS_DIR; };
/* End PBXFileReference section */

/* Begin PBXFrameworksBuildPhase section */
		A300000F /* Frameworks */ = {
			isa = PBXFrameworksBuildPhase;
			buildActionMask = 2147483647;
			files = (
				A1000010 /* MuxyShared in Frameworks */,
				A1000011 /* SwiftTerm in Frameworks */,
			);
			runOnlyForDeploymentPostprocessing = 0;
		};
/* End PBXFrameworksBuildPhase section */

/* Begin PBXGroup section */
		A3000001 = {
			isa = PBXGroup;
			children = (
				A3000002 /* MuxyMobile */,
				A3000003 /* Products */,
			);
			sourceTree = "<group>";
		};
		A3000002 /* MuxyMobile */ = {
			isa = PBXGroup;
			children = (
				A2000001 /* MuxyMobileApp.swift */,
				A2000002 /* ContentView.swift */,
				A2000003 /* ConnectView.swift */,
				A2000004 /* RemoteWorkspaceView.swift */,
				A2000007 /* ProjectPickerView.swift */,
				A2000008 /* SettingsSheet.swift */,
				A2000009 /* TerminalView.swift */,
				A2000005 /* ConnectionManager.swift */,
				A2000010 /* ConnectionManager+VCS.swift */,
				A200000F /* VCSView.swift */,
				A2000011 /* BranchesSheet.swift */,
				A2000012 /* WorktreesSheet.swift */,
				A2000013 /* CreatePRSheet.swift */,
				A2000014 /* DemoBackend.swift */,
				A200000E /* DeviceCredentialsStore.swift */,
				A2000006 /* Info.plist */,
				A200000D /* PrivacyInfo.xcprivacy */,
				A3000004 /* Resources */,
			);
			path = MuxyMobile;
			sourceTree = "<group>";
		};
		A3000003 /* Products */ = {
			isa = PBXGroup;
			children = (
				A2000020 /* MuxyMobile.app */,
			);
			name = Products;
			sourceTree = "<group>";
		};
		A3000004 /* Resources */ = {
			isa = PBXGroup;
			children = (
				A3000005 /* Fonts */,
				A200000C /* Assets.xcassets */,
			);
			path = Resources;
			sourceTree = "<group>";
		};
		A3000005 /* Fonts */ = {
			isa = PBXGroup;
			children = (
				A200000A /* JetBrainsMonoNerdFontMono-Regular.ttf */,
				A200000B /* JetBrainsMonoNerdFontMono-Bold.ttf */,
			);
			path = Fonts;
			sourceTree = "<group>";
		};
/* End PBXGroup section */

/* Begin PBXNativeTarget section */
		A3000010 /* MuxyMobile */ = {
			isa = PBXNativeTarget;
			buildConfigurationList = A3000030 /* Build configuration list for PBXNativeTarget "MuxyMobile" */;
			buildPhases = (
				A3000011 /* Sources */,
				A300000F /* Frameworks */,
				A3000012 /* Resources */,
			);
			buildRules = (
			);
			dependencies = (
			);
			name = MuxyMobile;
			packageProductDependencies = (
				A4000001 /* MuxyShared */,
				A4000002 /* SwiftTerm */,
			);
			productName = MuxyMobile;
			productReference = A2000020 /* MuxyMobile.app */;
			productType = "com.apple.product-type.application";
		};
/* End PBXNativeTarget section */

/* Begin PBXProject section */
		A3000000 /* Project object */ = {
			isa = PBXProject;
			attributes = {
				BuildIndependentTargetsInParallel = 1;
				LastSwiftUpdateCheck = 1600;
				LastUpgradeCheck = 2630;
			};
			buildConfigurationList = A3000020 /* Build configuration list for PBXProject "MuxyMobile" */;
			compatibilityVersion = "Xcode 14.0";
			developmentRegion = en;
			hasScannedForEncodings = 0;
			knownRegions = (
				en,
				Base,
			);
			mainGroup = A3000001;
			packageReferences = (
				A5000001 /* XCLocalSwiftPackageReference "." */,
				A5000002 /* XCRemoteSwiftPackageReference "SwiftTerm" */,
			);
			productRefGroup = A3000003 /* Products */;
			projectDirPath = "";
			projectRoot = "";
			targets = (
				A3000010 /* MuxyMobile */,
			);
		};
/* End PBXProject section */

/* Begin PBXResourcesBuildPhase section */
		A3000012 /* Resources */ = {
			isa = PBXResourcesBuildPhase;
			buildActionMask = 2147483647;
			files = (
				A1000022 /* Assets.xcassets in Resources */,
				A1000023 /* PrivacyInfo.xcprivacy in Resources */,
				A1000020 /* JetBrainsMonoNerdFontMono-Regular.ttf in Resources */,
				A1000021 /* JetBrainsMonoNerdFontMono-Bold.ttf in Resources */,
			);
			runOnlyForDeploymentPostprocessing = 0;
		};
/* End PBXResourcesBuildPhase section */

/* Begin PBXSourcesBuildPhase section */
		A3000011 /* Sources */ = {
			isa = PBXSourcesBuildPhase;
			buildActionMask = 2147483647;
			files = (
				A1000001 /* MuxyMobileApp.swift in Sources */,
				A1000002 /* ContentView.swift in Sources */,
				A1000003 /* ConnectView.swift in Sources */,
				A1000004 /* RemoteWorkspaceView.swift in Sources */,
				A1000005 /* ConnectionManager.swift in Sources */,
				A1000006 /* ProjectPickerView.swift in Sources */,
				A1000007 /* SettingsSheet.swift in Sources */,
				A1000008 /* TerminalView.swift in Sources */,
				A1000009 /* DeviceCredentialsStore.swift in Sources */,
				A100000A /* VCSView.swift in Sources */,
				A100000B /* ConnectionManager+VCS.swift in Sources */,
				A100000C /* BranchesSheet.swift in Sources */,
				A100000D /* WorktreesSheet.swift in Sources */,
				A100000E /* CreatePRSheet.swift in Sources */,
				A100000F /* DemoBackend.swift in Sources */,
			);
			runOnlyForDeploymentPostprocessing = 0;
		};
/* End PBXSourcesBuildPhase section */

/* Begin XCBuildConfiguration section */
		A3000021 /* Debug */ = {
			isa = XCBuildConfiguration;
			buildSettings = {
				ALWAYS_SEARCH_USER_PATHS = NO;
				CLANG_ENABLE_MODULES = YES;
				CLANG_WARN_BLOCK_CAPTURE_AUTORELEASING = YES;
				CLANG_WARN_BOOL_CONVERSION = YES;
				CLANG_WARN_COMMA = YES;
				CLANG_WARN_CONSTANT_CONVERSION = YES;
				CLANG_WARN_DEPRECATED_OBJC_IMPLEMENTATIONS = YES;
				CLANG_WARN_EMPTY_BODY = YES;
				CLANG_WARN_ENUM_CONVERSION = YES;
				CLANG_WARN_INFINITE_RECURSION = YES;
				CLANG_WARN_INT_CONVERSION = YES;
				CLANG_WARN_NON_LITERAL_NULL_CONVERSION = YES;
				CLANG_WARN_OBJC_IMPLICIT_RETAIN_SELF = YES;
				CLANG_WARN_OBJC_LITERAL_CONVERSION = YES;
				CLANG_WARN_QUOTED_INCLUDE_IN_FRAMEWORK_HEADER = YES;
				CLANG_WARN_RANGE_LOOP_ANALYSIS = YES;
				CLANG_WARN_STRICT_PROTOTYPES = YES;
				CLANG_WARN_SUSPICIOUS_MOVE = YES;
				CLANG_WARN_UNREACHABLE_CODE = YES;
				CLANG_WARN__DUPLICATE_METHOD_MATCH = YES;
				CODE_SIGN_STYLE = Automatic;
				COPY_PHASE_STRIP = NO;
				DEBUG_INFORMATION_FORMAT = dwarf;
				DEVELOPMENT_TEAM = NYSXATY4AA;
				ENABLE_STRICT_OBJC_MSGSEND = YES;
				ENABLE_TESTABILITY = YES;
				ENABLE_USER_SCRIPT_SANDBOXING = YES;
				GCC_DYNAMIC_NO_PIC = NO;
				GCC_NO_COMMON_BLOCKS = YES;
				GCC_OPTIMIZATION_LEVEL = 0;
				GCC_PREPROCESSOR_DEFINITIONS = (
					"DEBUG=1",
					"$(inherited)",
				);
				GCC_WARN_64_TO_32_BIT_CONVERSION = YES;
				GCC_WARN_ABOUT_RETURN_TYPE = YES;
				GCC_WARN_UNDECLARED_SELECTOR = YES;
				GCC_WARN_UNINITIALIZED_AUTOS = YES;
				GCC_WARN_UNUSED_FUNCTION = YES;
				GCC_WARN_UNUSED_VARIABLE = YES;
				IPHONEOS_DEPLOYMENT_TARGET = 26.0;
				MTL_ENABLE_DEBUG_INFO = INCLUDE_SOURCE;
				ONLY_ACTIVE_ARCH = YES;
				SDKROOT = iphoneos;
				STRING_CATALOG_GENERATE_SYMBOLS = YES;
				SWIFT_ACTIVE_COMPILATION_CONDITIONS = DEBUG;
				SWIFT_OPTIMIZATION_LEVEL = "-Onone";
				SWIFT_VERSION = 6.0;
			};
			name = Debug;
		};
		A3000022 /* Release */ = {
			isa = XCBuildConfiguration;
			buildSettings = {
				ALWAYS_SEARCH_USER_PATHS = NO;
				CLANG_ENABLE_MODULES = YES;
				CLANG_WARN_BLOCK_CAPTURE_AUTORELEASING = YES;
				CLANG_WARN_BOOL_CONVERSION = YES;
				CLANG_WARN_COMMA = YES;
				CLANG_WARN_CONSTANT_CONVERSION = YES;
				CLANG_WARN_DEPRECATED_OBJC_IMPLEMENTATIONS = YES;
				CLANG_WARN_EMPTY_BODY = YES;
				CLANG_WARN_ENUM_CONVERSION = YES;
				CLANG_WARN_INFINITE_RECURSION = YES;
				CLANG_WARN_INT_CONVERSION = YES;
				CLANG_WARN_NON_LITERAL_NULL_CONVERSION = YES;
				CLANG_WARN_OBJC_IMPLICIT_RETAIN_SELF = YES;
				CLANG_WARN_OBJC_LITERAL_CONVERSION = YES;
				CLANG_WARN_QUOTED_INCLUDE_IN_FRAMEWORK_HEADER = YES;
				CLANG_WARN_RANGE_LOOP_ANALYSIS = YES;
				CLANG_WARN_STRICT_PROTOTYPES = YES;
				CLANG_WARN_SUSPICIOUS_MOVE = YES;
				CLANG_WARN_UNREACHABLE_CODE = YES;
				CLANG_WARN__DUPLICATE_METHOD_MATCH = YES;
				CODE_SIGN_STYLE = Automatic;
				COPY_PHASE_STRIP = NO;
				DEBUG_INFORMATION_FORMAT = "dwarf-with-dsym";
				DEVELOPMENT_TEAM = NYSXATY4AA;
				ENABLE_NS_ASSERTIONS = NO;
				ENABLE_STRICT_OBJC_MSGSEND = YES;
				ENABLE_USER_SCRIPT_SANDBOXING = YES;
				GCC_NO_COMMON_BLOCKS = YES;
				GCC_WARN_64_TO_32_BIT_CONVERSION = YES;
				GCC_WARN_ABOUT_RETURN_TYPE = YES;
				GCC_WARN_UNDECLARED_SELECTOR = YES;
				GCC_WARN_UNINITIALIZED_AUTOS = YES;
				GCC_WARN_UNUSED_FUNCTION = YES;
				GCC_WARN_UNUSED_VARIABLE = YES;
				IPHONEOS_DEPLOYMENT_TARGET = 26.0;
				MTL_ENABLE_DEBUG_INFO = NO;
				SDKROOT = iphoneos;
				STRING_CATALOG_GENERATE_SYMBOLS = YES;
				SWIFT_COMPILATION_MODE = wholemodule;
				SWIFT_OPTIMIZATION_LEVEL = "-O";
				SWIFT_VERSION = 6.0;
				VALIDATE_PRODUCT = YES;
			};
			name = Release;
		};
		A3000031 /* Debug */ = {
			isa = XCBuildConfiguration;
			buildSettings = {
				ASSETCATALOG_COMPILER_APPICON_NAME = AppIcon;
				ASSETCATALOG_COMPILER_GLOBAL_ACCENT_COLOR_NAME = AccentColor;
				CLANG_ENABLE_OBJC_WEAK = YES;
				CODE_SIGN_STYLE = Automatic;
				CURRENT_PROJECT_VERSION = 1;
				GENERATE_INFOPLIST_FILE = NO;
				INFOPLIST_FILE = MuxyMobile/Info.plist;
				INFOPLIST_KEY_UIApplicationSceneManifest_Generation = YES;
				INFOPLIST_KEY_UIApplicationSupportsIndirectInputEvents = YES;
				INFOPLIST_KEY_UILaunchScreen_Generation = YES;
				INFOPLIST_KEY_UISupportedInterfaceOrientations_iPad = "UIInterfaceOrientationPortrait UIInterfaceOrientationPortraitUpsideDown UIInterfaceOrientationLandscapeLeft UIInterfaceOrientationLandscapeRight";
				INFOPLIST_KEY_UISupportedInterfaceOrientations_iPhone = "UIInterfaceOrientationPortrait UIInterfaceOrientationLandscapeLeft UIInterfaceOrientationLandscapeRight";
				MARKETING_VERSION = 0.1.1;
				PRODUCT_BUNDLE_IDENTIFIER = com.muxy.app;
				PRODUCT_NAME = "$(TARGET_NAME)";
				SWIFT_EMIT_LOC_STRINGS = YES;
				SWIFT_STRICT_CONCURRENCY = complete;
				SWIFT_VERSION = 6.0;
				TARGETED_DEVICE_FAMILY = "1,2";
			};
			name = Debug;
		};
		A3000032 /* Release */ = {
			isa = XCBuildConfiguration;
			buildSettings = {
				ASSETCATALOG_COMPILER_APPICON_NAME = AppIcon;
				ASSETCATALOG_COMPILER_GLOBAL_ACCENT_COLOR_NAME = AccentColor;
				CLANG_ENABLE_OBJC_WEAK = YES;
				CODE_SIGN_STYLE = Automatic;
				CURRENT_PROJECT_VERSION = 1;
				GENERATE_INFOPLIST_FILE = NO;
				INFOPLIST_FILE = MuxyMobile/Info.plist;
				INFOPLIST_KEY_UIApplicationSceneManifest_Generation = YES;
				INFOPLIST_KEY_UIApplicationSupportsIndirectInputEvents = YES;
				INFOPLIST_KEY_UILaunchScreen_Generation = YES;
				INFOPLIST_KEY_UISupportedInterfaceOrientations_iPad = "UIInterfaceOrientationPortrait UIInterfaceOrientationPortraitUpsideDown UIInterfaceOrientationLandscapeLeft UIInterfaceOrientationLandscapeRight";
				INFOPLIST_KEY_UISupportedInterfaceOrientations_iPhone = "UIInterfaceOrientationPortrait UIInterfaceOrientationLandscapeLeft UIInterfaceOrientationLandscapeRight";
				MARKETING_VERSION = 0.1.1;
				PRODUCT_BUNDLE_IDENTIFIER = com.muxy.app;
				PRODUCT_NAME = "$(TARGET_NAME)";
				SWIFT_EMIT_LOC_STRINGS = YES;
				SWIFT_STRICT_CONCURRENCY = complete;
				SWIFT_VERSION = 6.0;
				TARGETED_DEVICE_FAMILY = "1,2";
			};
			name = Release;
		};
/* End XCBuildConfiguration section */

/* Begin XCConfigurationList section */
		A3000020 /* Build configuration list for PBXProject "MuxyMobile" */ = {
			isa = XCConfigurationList;
			buildConfigurations = (
				A3000021 /* Debug */,
				A3000022 /* Release */,
			);
			defaultConfigurationIsVisible = 0;
			defaultConfigurationName = Release;
		};
		A3000030 /* Build configuration list for PBXNativeTarget "MuxyMobile" */ = {
			isa = XCConfigurationList;
			buildConfigurations = (
				A3000031 /* Debug */,
				A3000032 /* Release */,
			);
			defaultConfigurationIsVisible = 0;
			defaultConfigurationName = Release;
		};
/* End XCConfigurationList section */

/* Begin XCLocalSwiftPackageReference section */
		A5000001 /* XCLocalSwiftPackageReference "." */ = {
			isa = XCLocalSwiftPackageReference;
			relativePath = .;
		};
/* End XCLocalSwiftPackageReference section */

/* Begin XCRemoteSwiftPackageReference section */
		A5000002 /* XCRemoteSwiftPackageReference "SwiftTerm" */ = {
			isa = XCRemoteSwiftPackageReference;
			repositoryURL = "https://github.com/migueldeicaza/SwiftTerm";
			requirement = {
				kind = upToNextMajorVersion;
				minimumVersion = 1.2.0;
			};
		};
/* End XCRemoteSwiftPackageReference section */

/* Begin XCSwiftPackageProductDependency section */
		A4000001 /* MuxyShared */ = {
			isa = XCSwiftPackageProductDependency;
			productName = MuxyShared;
		};
		A4000002 /* SwiftTerm */ = {
			isa = XCSwiftPackageProductDependency;
			package = A5000002 /* XCRemoteSwiftPackageReference "SwiftTerm" */;
			productName = SwiftTerm;
		};
/* End XCSwiftPackageProductDependency section */
	};
	rootObject = A3000000 /* Project object */;
}
